Microsoft Visual Studio Solution File, Format Version 12.00
# Visual Studio Version 17
VisualStudioVersion = 17.0.32126.317
MinimumVisualStudioVersion = 10.0.40219.1
Project("{2150E333-8FDC-42A3-9474-1A3956D46DE8}") = "Solution Items", "Solution Items", "{E739E3FE-D923-480A-9B01-3B2A623067E3}"
	ProjectSection(SolutionItems) = preProject
		LICENSE = LICENSE
		README.md = README.md
	EndProjectSection
EndProject
Project("{9A19103F-16F7-4668-BE54-9A1E7A4F7556}") = "DuoApi", "DuoApi\DuoApi.csproj", "{83919561-1430-4928-B231-02A77D8B9AD3}"
EndProject
Project("{9A19103F-16F7-4668-BE54-9A1E7A4F7556}") = "DuoApi.Tests", "DuoApi.Tests\DuoApi.Tests.csproj", "{A0508DF1-F0F6-4A5E-B1F8-015D8C37E165}"
EndProject
Project("{9A19103F-16F7-4668-BE54-9A1E7A4F7556}") = "DuoApi.Examples", "DuoApi.Examples\DuoApi.Examples.csproj", "{834D5CD4-19F2-4434-A35C-9D6C3FBCED1B}"
EndProject
Global
	GlobalSection(SolutionConfigurationPlatforms) = preSolution
		Debug|Any CPU = Debug|Any CPU
		Release|Any CPU = Release|Any CPU
	EndGlobalSection
	GlobalSection(ProjectConfigurationPlatforms) = postSolution
		{83919561-1430-4928-B231-02A77D8B9AD3}.Debug|Any CPU.ActiveCfg = Debug|Any CPU
		{83919561-1430-4928-B231-02A77D8B9AD3}.Debug|Any CPU.Build.0 = Debug|Any CPU
		{83919561-1430-4928-B231-02A77D8B9AD3}.Release|Any CPU.ActiveCfg = Release|Any CPU
		{83919561-1430-4928-B231-02A77D8B9AD3}.Release|Any CPU.Build.0 = Release|Any CPU
		{A0508DF1-F0F6-4A5E-B1F8-015D8C37E165}.Debug|Any CPU.ActiveCfg = Debug|Any CPU
		{A0508DF1-F0F6-4A5E-B1F8-015D8C37E165}.Debug|Any CPU.Build.0 = Debug|Any CPU
		{A0508DF1-F0F6-4A5E-B1F8-015D8C37E165}.Release|Any CPU.ActiveCfg = Release|Any CPU
		{A0508DF1-F0F6-4A5E-B1F8-015D8C37E165}.Release|Any CPU.Build.0 = Release|Any CPU
		{834D5CD4-19F2-4434-A35C-9D6C3FBCED1B}.Debug|Any CPU.ActiveCfg = Debug|Any CPU
		{834D5CD4-19F2-4434-A35C-9D6C3FBCED1B}.Debug|Any CPU.Build.0 = Debug|Any CPU
		{834D5CD4-19F2-4434-A35C-9D6C3FBCED1B}.Release|Any CPU.ActiveCfg = Release|Any CPU
		{834D5CD4-19F2-4434-A35C-9D6C3FBCED1B}.Release|Any CPU.Build.0 = Release|Any CPU
	EndGlobalSection
	GlobalSection(SolutionProperties) = preSolution
		HideSolutionNode = FALSE
	EndGlobalSection
	GlobalSection(ExtensibilityGlobals) = postSolution
		SolutionGuid = {0D4B6978-88D0-4A62-BEC2-67762F1F2C1B}
	EndGlobalSection
EndGlobal
