Microsoft Visual Studio Solution File, Format Version 12.00
# Visual Studio Version 17
VisualStudioVersion = 17.0.32126.317
MinimumVisualStudioVersion = 10.0.40219.1
Project("{FAE04EC0-301F-11D3-BF4B-00C04F79EFBC}") = "duo_api_csharp", "duo_api_csharp\duo_api_csharp.csproj", "{6E96C9D9-0825-4D26-83C7-8A62180F8FB9}"
EndProject
Project("{2150E333-8FDC-42A3-9474-1A3956D46DE8}") = "Solution Items", "Solution Items", "{E739E3FE-D923-480A-9B01-3B2A623067E3}"
	ProjectSection(SolutionItems) = preProject
		LICENSE = LICENSE
		README.md = README.md
	EndProjectSection
EndProject
Project("{FAE04EC0-301F-11D3-BF4B-00C04F79EFBC}") = "duo_api_csharp.Examples", "duo_api_csharp.Examples\duo_api_csharp.Examples.csproj", "{C089A10B-646D-407E-A2B8-848C6C522B13}"
EndProject
Project("{FAE04EC0-301F-11D3-BF4B-00C04F79EFBC}") = "duo_api_csharp.Tests", "duo_api_csharp.Tests\duo_api_csharp.Tests.csproj", "{96DAEC7C-B28E-40D6-9764-CA3C467C1BD8}"
EndProject
Global
	GlobalSection(SolutionConfigurationPlatforms) = preSolution
		Debug|Any CPU = Debug|Any CPU
		Release|Any CPU = Release|Any CPU
	EndGlobalSection
	GlobalSection(ProjectConfigurationPlatforms) = postSolution
		{6E96C9D9-0825-4D26-83C7-8A62180F8FB9}.Debug|Any CPU.ActiveCfg = Debug|Any CPU
		{6E96C9D9-0825-4D26-83C7-8A62180F8FB9}.Debug|Any CPU.Build.0 = Debug|Any CPU
		{6E96C9D9-0825-4D26-83C7-8A62180F8FB9}.Release|Any CPU.ActiveCfg = Release|Any CPU
		{6E96C9D9-0825-4D26-83C7-8A62180F8FB9}.Release|Any CPU.Build.0 = Release|Any CPU
		{C089A10B-646D-407E-A2B8-848C6C522B13}.Debug|Any CPU.ActiveCfg = Debug|Any CPU
		{C089A10B-646D-407E-A2B8-848C6C522B13}.Debug|Any CPU.Build.0 = Debug|Any CPU
		{C089A10B-646D-407E-A2B8-848C6C522B13}.Release|Any CPU.ActiveCfg = Release|Any CPU
		{C089A10B-646D-407E-A2B8-848C6C522B13}.Release|Any CPU.Build.0 = Release|Any CPU
		{96DAEC7C-B28E-40D6-9764-CA3C467C1BD8}.Debug|Any CPU.ActiveCfg = Debug|Any CPU
		{96DAEC7C-B28E-40D6-9764-CA3C467C1BD8}.Debug|Any CPU.Build.0 = Debug|Any CPU
		{96DAEC7C-B28E-40D6-9764-CA3C467C1BD8}.Release|Any CPU.ActiveCfg = Release|Any CPU
		{96DAEC7C-B28E-40D6-9764-CA3C467C1BD8}.Release|Any CPU.Build.0 = Release|Any CPU
	EndGlobalSection
	GlobalSection(SolutionProperties) = preSolution
		HideSolutionNode = FALSE
	EndGlobalSection
	GlobalSection(ExtensibilityGlobals) = postSolution
		SolutionGuid = {0D4B6978-88D0-4A62-BEC2-67762F1F2C1B}
	EndGlobalSection
EndGlobal
