
Microsoft Visual Studio Solution File, Format Version 12.00
# Visual Studio 15
VisualStudioVersion = 15.0.27130.2024
MinimumVisualStudioVersion = 10.0.40219.1
Project("{FAE04EC0-301F-11D3-BF4B-00C04F79EFBC}") = "duo_api_csharp", "duo_api_csharp.csproj", "{6E96C9D9-0825-4D26-83C7-8A62180F8FB9}"
EndProject
Global
	GlobalSection(SolutionConfigurationPlatforms) = preSolution
		Debug|Any CPU = Debug|Any CPU
		Release|Any CPU = Release|Any CPU
	EndGlobalSection
	GlobalSection(ProjectConfigurationPlatforms) = postSolution
		{6E96C9D9-0825-4D26-83C7-8A62180F8FB9}.Debug|Any CPU.ActiveCfg = Debug|Any CPU
		{6E96C9D9-0825-4D26-83C7-8A62180F8FB9}.Debug|Any CPU.Build.0 = Debug|Any CPU
		{6E96C9D9-0825-4D26-83C7-8A62180F8FB9}.Release|Any CPU.ActiveCfg = Release|Any CPU
		{6E96C9D9-0825-4D26-83C7-8A62180F8FB9}.Release|Any CPU.Build.0 = Release|Any CPU
	EndGlobalSection
	GlobalSection(SolutionProperties) = preSolution
		HideSolutionNode = FALSE
	EndGlobalSection
	GlobalSection(ExtensibilityGlobals) = postSolution
		SolutionGuid = {0D4B6978-88D0-4A62-BEC2-67762F1F2C1B}
	EndGlobalSection
EndGlobal
